
Microsoft Visual Studio Solution File, Format Version 12.00
# Visual Studio Version 17
VisualStudioVersion = 17.3.32819.101
MinimumVisualStudioVersion = 10.0.40219.1
Project("{FAE04EC0-301F-11D3-BF4B-00C04F79EFBC}") = "ASP.NETCore(MVC)_Exercise1_ShoppingCart", "ASP.NETCore(MVC)_Exercise1_ShoppingCart\ASP.NETCore(MVC)_Exercise1_ShoppingCart.csproj", "{31A0105E-0392-4B2D-AAC1-520EE3B199CC}"
EndProject
Global
	GlobalSection(SolutionConfigurationPlatforms) = preSolution
		Debug|Any CPU = Debug|Any CPU
		Release|Any CPU = Release|Any CPU
	EndGlobalSection
	GlobalSection(ProjectConfigurationPlatforms) = postSolution
		{31A0105E-0392-4B2D-AAC1-520EE3B199CC}.Debug|Any CPU.ActiveCfg = Debug|Any CPU
		{31A0105E-0392-4B2D-AAC1-520EE3B199CC}.Debug|Any CPU.Build.0 = Debug|Any CPU
		{31A0105E-0392-4B2D-AAC1-520EE3B199CC}.Release|Any CPU.ActiveCfg = Release|Any CPU
		{31A0105E-0392-4B2D-AAC1-520EE3B199CC}.Release|Any CPU.Build.0 = Release|Any CPU
	EndGlobalSection
	GlobalSection(SolutionProperties) = preSolution
		HideSolutionNode = FALSE
	EndGlobalSection
	GlobalSection(ExtensibilityGlobals) = postSolution
		SolutionGuid = {681CD54F-D9BA-4D7C-ABD2-B1751DFFDCC7}
	EndGlobalSection
EndGlobal
